
Microsoft Visual Studio Solution File, Format Version 12.00
# Visual Studio 15
VisualStudioVersion = 15.0.27428.2043
MinimumVisualStudioVersion = 10.0.40219.1
Project("{FAE04EC0-301F-11D3-BF4B-00C04F79EFBC}") = "MvcMovie", "MvcMovie\MvcMovie.csproj", "{78DE43F1-7A23-48BB-9318-FE3A8DE1A921}"
EndProject
Global
	GlobalSection(SolutionConfigurationPlatforms) = preSolution
		Debug|Any CPU = Debug|Any CPU
		Release|Any CPU = Release|Any CPU
	EndGlobalSection
	GlobalSection(ProjectConfigurationPlatforms) = postSolution
		{78DE43F1-7A23-48BB-9318-FE3A8DE1A921}.Debug|Any CPU.ActiveCfg = Debug|Any CPU
		{78DE43F1-7A23-48BB-9318-FE3A8DE1A921}.Debug|Any CPU.Build.0 = Debug|Any CPU
		{78DE43F1-7A23-48BB-9318-FE3A8DE1A921}.Release|Any CPU.ActiveCfg = Release|Any CPU
		{78DE43F1-7A23-48BB-9318-FE3A8DE1A921}.Release|Any CPU.Build.0 = Release|Any CPU
	EndGlobalSection
	GlobalSection(SolutionProperties) = preSolution
		HideSolutionNode = FALSE
	EndGlobalSection
	GlobalSection(ExtensibilityGlobals) = postSolution
		SolutionGuid = {A1E3A3A4-6F56-47E2-9F98-216CB258A147}
	EndGlobalSection
EndGlobal
